
Microsoft Visual Studio Solution File, Format Version 12.00
# Visual Studio 15
VisualStudioVersion = 15.0.28307.421
MinimumVisualStudioVersion = 10.0.40219.1
Project("{FAE04EC0-301F-11D3-BF4B-00C04F79EFBC}") = "HeritageApp", "HeritageApp\HeritageApp.csproj", "{EDC83C8A-F15F-4130-AACD-2D1F332C96E9}"
EndProject
Global
	GlobalSection(SolutionConfigurationPlatforms) = preSolution
		Debug|Any CPU = Debug|Any CPU
		Release|Any CPU = Release|Any CPU
	EndGlobalSection
	GlobalSection(ProjectConfigurationPlatforms) = postSolution
		{EDC83C8A-F15F-4130-AACD-2D1F332C96E9}.Debug|Any CPU.ActiveCfg = Debug|Any CPU
		{EDC83C8A-F15F-4130-AACD-2D1F332C96E9}.Debug|Any CPU.Build.0 = Debug|Any CPU
		{EDC83C8A-F15F-4130-AACD-2D1F332C96E9}.Release|Any CPU.ActiveCfg = Release|Any CPU
		{EDC83C8A-F15F-4130-AACD-2D1F332C96E9}.Release|Any CPU.Build.0 = Release|Any CPU
	EndGlobalSection
	GlobalSection(SolutionProperties) = preSolution
		HideSolutionNode = FALSE
	EndGlobalSection
	GlobalSection(ExtensibilityGlobals) = postSolution
		SolutionGuid = {41536B47-E4D4-47C0-8671-C7E696E128DA}
	EndGlobalSection
EndGlobal
