
Microsoft Visual Studio Solution File, Format Version 12.00
# Visual Studio 15
VisualStudioVersion = 15.0.28307.438
MinimumVisualStudioVersion = 10.0.40219.1
Project("{FAE04EC0-301F-11D3-BF4B-00C04F79EFBC}") = "ProjetHeritageGroupe8", "ProjetHeritageGroupe8\ProjetHeritageGroupe8.csproj", "{ED8E12CB-D10D-4354-BCD4-3A0A0F3A44DB}"
EndProject
Global
	GlobalSection(SolutionConfigurationPlatforms) = preSolution
		Debug|Any CPU = Debug|Any CPU
		Release|Any CPU = Release|Any CPU
	EndGlobalSection
	GlobalSection(ProjectConfigurationPlatforms) = postSolution
		{ED8E12CB-D10D-4354-BCD4-3A0A0F3A44DB}.Debug|Any CPU.ActiveCfg = Debug|Any CPU
		{ED8E12CB-D10D-4354-BCD4-3A0A0F3A44DB}.Debug|Any CPU.Build.0 = Debug|Any CPU
		{ED8E12CB-D10D-4354-BCD4-3A0A0F3A44DB}.Release|Any CPU.ActiveCfg = Release|Any CPU
		{ED8E12CB-D10D-4354-BCD4-3A0A0F3A44DB}.Release|Any CPU.Build.0 = Release|Any CPU
	EndGlobalSection
	GlobalSection(SolutionProperties) = preSolution
		HideSolutionNode = FALSE
	EndGlobalSection
	GlobalSection(ExtensibilityGlobals) = postSolution
		SolutionGuid = {785E37F6-7BDC-4CB1-84DD-57934DABCEDC}
	EndGlobalSection
EndGlobal
