
Microsoft Visual Studio Solution File, Format Version 12.00
# Visual Studio 15
VisualStudioVersion = 15.0.28307.438
MinimumVisualStudioVersion = 10.0.40219.1
Project("{9A19103F-16F7-4668-BE54-9A1E7A4F7556}") = "ProjetCsharpGroupe8", "ProjetCsharpGroupe8.csproj", "{D0B4BB48-1C02-482D-8896-EA69034035E2}"
EndProject
Global
	GlobalSection(SolutionConfigurationPlatforms) = preSolution
		Debug|Any CPU = Debug|Any CPU
		Release|Any CPU = Release|Any CPU
	EndGlobalSection
	GlobalSection(ProjectConfigurationPlatforms) = postSolution
		{D0B4BB48-1C02-482D-8896-EA69034035E2}.Debug|Any CPU.ActiveCfg = Debug|Any CPU
		{D0B4BB48-1C02-482D-8896-EA69034035E2}.Debug|Any CPU.Build.0 = Debug|Any CPU
		{D0B4BB48-1C02-482D-8896-EA69034035E2}.Release|Any CPU.ActiveCfg = Release|Any CPU
		{D0B4BB48-1C02-482D-8896-EA69034035E2}.Release|Any CPU.Build.0 = Release|Any CPU
	EndGlobalSection
	GlobalSection(SolutionProperties) = preSolution
		HideSolutionNode = FALSE
	EndGlobalSection
	GlobalSection(ExtensibilityGlobals) = postSolution
		SolutionGuid = {4C7D133A-9D75-444C-A046-C7B122510967}
	EndGlobalSection
EndGlobal
